
Microsoft Visual Studio Solution File, Format Version 12.00
Project("{FAE04EC0-301F-11D3-BF4B-00C04F79EFBC}") = "MapGenEvents", "MapGenEvents.csproj", "{3C29B42C-0E60-4CE8-B2A4-6492A39BC1A0}"
EndProject
Global
	GlobalSection(SolutionConfigurationPlatforms) = preSolution
		Debug|Any CPU = Debug|Any CPU
		Release|Any CPU = Release|Any CPU
	EndGlobalSection
	GlobalSection(ProjectConfigurationPlatforms) = postSolution
		{3C29B42C-0E60-4CE8-B2A4-6492A39BC1A0}.Debug|Any CPU.ActiveCfg = Debug|Any CPU
		{3C29B42C-0E60-4CE8-B2A4-6492A39BC1A0}.Debug|Any CPU.Build.0 = Debug|Any CPU
		{3C29B42C-0E60-4CE8-B2A4-6492A39BC1A0}.Release|Any CPU.ActiveCfg = Release|Any CPU
		{3C29B42C-0E60-4CE8-B2A4-6492A39BC1A0}.Release|Any CPU.Build.0 = Release|Any CPU
	EndGlobalSection
    GlobalSection(SolutionProperties) = preSolution
        HideSolutionNode = FALSE
    EndGlobalSection
    GlobalSection(ExtensibilityGlobals) = postSolution
        SolutionGuid = {48515644-9748-42E8-A0E1-BC6D8376F7E2}
    EndGlobalSection
EndGlobal
